<?xml version="1.0" encoding="utf-8"?>
<Project ToolsVersion="4.0" xmlns="http://schemas.microsoft.com/developer/msbuild/2003">
  <ItemGroup>
    <Filter Include="Source Files">
      <UniqueIdentifier>{b0f223cb-dc9b-4f9a-9765-3d4f29af7c2c}</UniqueIdentifier>
      <Extensions>cpp;c;cxx;rc;def;r;odl;idl;hpj;bat</Extensions>
    </Filter>
    <Filter Include="Header Files">
      <UniqueIdentifier>{3719e080-c770-49cf-877f-bb4083d7bfa3}</UniqueIdentifier>
      <Extensions>h;hpp;hxx;hm;inl</Extensions>
    </Filter>
    <Filter Include="Resource Files">
      <UniqueIdentifier>{432ca54f-4095-434d-8755-771812a284a4}</UniqueIdentifier>
      <Extensions>ico;cur;bmp;dlg;rc2;rct;bin;rgs;gif;jpg;jpeg;jpe</Extensions>
    </Filter>
  </ItemGroup>
  <ItemGroup>
    <ClCompile Include="BoschHelper.cpp">
      <Filter>Source Files</Filter>
    </ClCompile>
    <ClCompile Include="boschme7x.cpp">
      <Filter>Source Files</Filter>
    </ClCompile>
    <ClCompile Include="FunctionSigs.cpp">
      <Filter>Source Files</Filter>
    </ClCompile>
    <ClCompile Include="IDAMemCopyPaste.cpp">
      <Filter>Source Files</Filter>
    </ClCompile>
  </ItemGroup>
  <ItemGroup>
    <ClInclude Include="BoschHelper.h">
      <Filter>Header Files</Filter>
    </ClInclude>
    <ClInclude Include="FunctionSigs.h">
      <Filter>Header Files</Filter>
    </ClInclude>
    <ClInclude Include="IDAMemCopyPaste.h">
      <Filter>Header Files</Filter>
    </ClInclude>
  </ItemGroup>
  <ItemGroup>
    <None Include="Me71 1024K Search without prompts.idc" />
  </ItemGroup>
  <ItemGroup>
    <Library Include="..\..\lib\x86_win_vc_32\ida.lib">
      <Filter>Source Files</Filter>
    </Library>
    <Library Include="..\..\lib\x86_win_vc_32\pro.lib">
      <Filter>Source Files</Filter>
    </Library>
  </ItemGroup>
</Project>